# This file is automatically @generated by Cargo.
# It is not intended for manual editing.
version = 4

[[package]]
name = "cli"
version = "0.1.0"

[[package]]
name = "control-plane"
version = "0.1.0"

[[package]]
name = "edge-router"
version = "0.1.0"

[[package]]
name = "guest-init"
version = "0.1.0"

[[package]]
name = "image-store"
version = "0.1.0"

[[package]]
name = "node-agent"
version = "0.1.0"
